dependencies:
  bblanchon/arduinojson:
    component_hash: aee8b75735f2d41f673c986ddf1ee2ccf94d8ad809f71cac862454c07d88b1b1
    dependencies: []
    source:
      registry_url: https://components.espressif.com/
      type: service
    version: 7.4.1
  espressif/esp_websocket_client:
    component_hash: f77326f0e1c38da4e9c97e17c5d649b0dd13027f2645e720e48db269638fd622
    dependencies:
    - name: idf
      require: private
      version: '>=5.0'
    source:
      registry_url: https://components.espressif.com/
      type: service
    version: 1.4.0
  idf:
    source:
      type: idf
    version: 5.4.1
direct_dependencies:
- bblanchon/arduinojson
- espressif/esp_websocket_client
- idf
manifest_hash: 00f799f3a29f414af784db028eced0af635f1c20a465e309bbdda949e7b907de
target: esp32
version: 2.0.0
